Microsoft Visual Studio Solution File, Format Version 12.00
# Visual Studio Version 17
VisualStudioVersion = 17.5.2.0
MinimumVisualStudioVersion = 10.0.40219.1
Project("{FAE04EC0-301F-11D3-BF4B-00C04F79EFBC}") = "app-dotnet", "app-dotnet\app-dotnet.csproj", "{8B3B5EBF-AA2A-956F-7B20-2DCA14337340}"
EndProject
Project("{2150E333-8FDC-42A3-9474-1A3956D46DE8}") = "app-lambda-dotnet", "app-lambda-dotnet", "{376B13FF-FBBB-0A96-7919-8B228038FF5D}"
EndProject
Project("{FAE04EC0-301F-11D3-BF4B-00C04F79EFBC}") = "LocalRunner", "app-lambda-dotnet\LocalRunner\LocalRunner.csproj", "{DDB87F32-F2BE-A95A-3650-E9D27FEE2C38}"
EndProject
Project("{FAE04EC0-301F-11D3-BF4B-00C04F79EFBC}") = "app-lambda-dotnet", "app-lambda-dotnet\src\app-lambda-dotnet.csproj", "{E6208C62-7621-4256-CAB1-4CC9DB00B476}"
EndProject
Global
	GlobalSection(SolutionConfigurationPlatforms) = preSolution
		Debug|Any CPU = Debug|Any CPU
		Release|Any CPU = Release|Any CPU
	EndGlobalSection
	GlobalSection(ProjectConfigurationPlatforms) = postSolution
		{8B3B5EBF-AA2A-956F-7B20-2DCA14337340}.Debug|Any CPU.ActiveCfg = Debug|Any CPU
		{8B3B5EBF-AA2A-956F-7B20-2DCA14337340}.Debug|Any CPU.Build.0 = Debug|Any CPU
		{8B3B5EBF-AA2A-956F-7B20-2DCA14337340}.Release|Any CPU.ActiveCfg = Release|Any CPU
		{8B3B5EBF-AA2A-956F-7B20-2DCA14337340}.Release|Any CPU.Build.0 = Release|Any CPU
		{DDB87F32-F2BE-A95A-3650-E9D27FEE2C38}.Debug|Any CPU.ActiveCfg = Debug|Any CPU
		{DDB87F32-F2BE-A95A-3650-E9D27FEE2C38}.Debug|Any CPU.Build.0 = Debug|Any CPU
		{DDB87F32-F2BE-A95A-3650-E9D27FEE2C38}.Release|Any CPU.ActiveCfg = Release|Any CPU
		{DDB87F32-F2BE-A95A-3650-E9D27FEE2C38}.Release|Any CPU.Build.0 = Release|Any CPU
		{E6208C62-7621-4256-CAB1-4CC9DB00B476}.Debug|Any CPU.ActiveCfg = Debug|Any CPU
		{E6208C62-7621-4256-CAB1-4CC9DB00B476}.Debug|Any CPU.Build.0 = Debug|Any CPU
		{E6208C62-7621-4256-CAB1-4CC9DB00B476}.Release|Any CPU.ActiveCfg = Release|Any CPU
		{E6208C62-7621-4256-CAB1-4CC9DB00B476}.Release|Any CPU.Build.0 = Release|Any CPU
	EndGlobalSection
	GlobalSection(SolutionProperties) = preSolution
		HideSolutionNode = FALSE
	EndGlobalSection
	GlobalSection(NestedProjects) = preSolution
		{DDB87F32-F2BE-A95A-3650-E9D27FEE2C38} = {376B13FF-FBBB-0A96-7919-8B228038FF5D}
		{E6208C62-7621-4256-CAB1-4CC9DB00B476} = {376B13FF-FBBB-0A96-7919-8B228038FF5D}
	EndGlobalSection
	GlobalSection(ExtensibilityGlobals) = postSolution
		SolutionGuid = {93B4BF39-149E-421C-A9EA-83DF441BEE27}
	EndGlobalSection
EndGlobal
